github.com/hashicorp/golang-lru/v2 v2.0.7 h1:a+bsQ5rvGLjzHuww6tVxozPZFVghXaHOwFs4luLUK2k=
github.com/hashicorp/golang-lru/v2 v2.0.7/go.mod h1:QeFd9opnmA6QUJc5vARoKUSoFhyfM2/ZepoAG6RGpeM=
github.com/posthog/posthog-go v1.6.10 h1:OA6bkiUg89rI7f5cSXbcrH5+wLinyS6hHplnD92Pu/M=
github.com/posthog/posthog-go v1.6.10/go.mod h1:LcC1Nu4AgvV22EndTtrMXTy+7RGVC0MhChSw7Qk5XkY=
